
Microsoft Visual Studio Solution File, Format Version 12.00
# Visual Studio Version 17
VisualStudioVersion = 17.8.34408.163
MinimumVisualStudioVersion = 10.0.40219.1
Project("{FAE04EC0-301F-11D3-BF4B-00C04F79EFBC}") = "goaslind_mission11", "goaslind_mission11\goaslind_mission11.csproj", "{9CDB592A-A9ED-4A9C-99C6-E8E53478C3C4}"
EndProject
Global
	GlobalSection(SolutionConfigurationPlatforms) = preSolution
		Debug|Any CPU = Debug|Any CPU
		Release|Any CPU = Release|Any CPU
	EndGlobalSection
	GlobalSection(ProjectConfigurationPlatforms) = postSolution
		{9CDB592A-A9ED-4A9C-99C6-E8E53478C3C4}.Debug|Any CPU.ActiveCfg = Debug|Any CPU
		{9CDB592A-A9ED-4A9C-99C6-E8E53478C3C4}.Debug|Any CPU.Build.0 = Debug|Any CPU
		{9CDB592A-A9ED-4A9C-99C6-E8E53478C3C4}.Release|Any CPU.ActiveCfg = Release|Any CPU
		{9CDB592A-A9ED-4A9C-99C6-E8E53478C3C4}.Release|Any CPU.Build.0 = Release|Any CPU
	EndGlobalSection
	GlobalSection(SolutionProperties) = preSolution
		HideSolutionNode = FALSE
	EndGlobalSection
	GlobalSection(ExtensibilityGlobals) = postSolution
		SolutionGuid = {A35C982A-647A-4372-92C1-D4F537CE4122}
	EndGlobalSection
EndGlobal
